
Microsoft Visual Studio Solution File, Format Version 11.00
# Visual Studio 2010
Project("{FAE04EC0-301F-11D3-BF4B-00C04F79EFBC}") = "Tank1.0", "Assembly-CSharp.csproj", "{57A9B625-3A9D-BAE3-0793-502B9C16C911}"
EndProject
Project("{FAE04EC0-301F-11D3-BF4B-00C04F79EFBC}") = "Tank1.0", "Assembly-CSharp-Editor.csproj", "{945561EB-FED5-5EBF-0C6F-F0A4B7F5911E}"
EndProject
Global
	GlobalSection(SolutionConfigurationPlatforms) = preSolution
		Debug|Any CPU = Debug|Any CPU
		Release|Any CPU = Release|Any CPU
	EndGlobalSection
	GlobalSection(ProjectConfigurationPlatforms) = postSolution
		{57A9B625-3A9D-BAE3-0793-502B9C16C911}.Debug|Any CPU.ActiveCfg = Debug|Any CPU
		{57A9B625-3A9D-BAE3-0793-502B9C16C911}.Debug|Any CPU.Build.0 = Debug|Any CPU
		{57A9B625-3A9D-BAE3-0793-502B9C16C911}.Release|Any CPU.ActiveCfg = Release|Any CPU
		{57A9B625-3A9D-BAE3-0793-502B9C16C911}.Release|Any CPU.Build.0 = Release|Any CPU
		{945561EB-FED5-5EBF-0C6F-F0A4B7F5911E}.Debug|Any CPU.ActiveCfg = Debug|Any CPU
		{945561EB-FED5-5EBF-0C6F-F0A4B7F5911E}.Debug|Any CPU.Build.0 = Debug|Any CPU
		{945561EB-FED5-5EBF-0C6F-F0A4B7F5911E}.Release|Any CPU.ActiveCfg = Release|Any CPU
		{945561EB-FED5-5EBF-0C6F-F0A4B7F5911E}.Release|Any CPU.Build.0 = Release|Any CPU
	EndGlobalSection
	GlobalSection(SolutionProperties) = preSolution
		HideSolutionNode = FALSE
	EndGlobalSection
	GlobalSection(MonoDevelopProperties) = preSolution
		StartupItem = Assembly-CSharp.csproj
	EndGlobalSection
EndGlobal
